// !$*UTF8*$!
{
	archiveVersion = 1;
	classes = {
	};
	objectVersion = 46;
	objects = {

/* Begin PBXBuildFile section */
		4B38C7361DE54BCB00FB2722 /* AppDelegate.swift in Sources */ = {isa = PBXBuildFile; fileRef = 4B38C7351DE54BCB00FB2722 /* AppDelegate.swift */; };
		4B38C7381DE54BCB00FB2722 /* ViewController.swift in Sources */ = {isa = PBXBuildFile; fileRef = 4B38C7371DE54BCB00FB2722 /* ViewController.swift */; };
		4B38C73B1DE54BCB00FB2722 /* Main.storyboard in Resources */ = {isa = PBXBuildFile; fileRef = 4B38C7391DE54BCB00FB2722 /* Main.storyboard */; };
		4B38C73D1DE54BCB00FB2722 /* Assets.xcassets in Resources */ = {isa = PBXBuildFile; fileRef = 4B38C73C1DE54BCB00FB2722 /* Assets.xcassets */; };
		4B38C7401DE54BCB00FB2722 /* LaunchScreen.storyboard in Resources */ = {isa = PBXBuildFile; fileRef = 4B38C73E1DE54BCB00FB2722 /* LaunchScreen.storyboard */; };
		4B38C7481DE54C5900FB2722 /* Foaas.swift in Sources */ = {isa = PBXBuildFile; fileRef = 4B38C7471DE54C5900FB2722 /* Foaas.swift */; };
		4B38C74A1DE54C6F00FB2722 /* FoaasOperation.swift in Sources */ = {isa = PBXBuildFile; fileRef = 4B38C7491DE54C6F00FB2722 /* FoaasOperation.swift */; };
		4B38C74C1DE54C7F00FB2722 /* FoaasField.swift in Sources */ = {isa = PBXBuildFile; fileRef = 4B38C74B1DE54C7F00FB2722 /* FoaasField.swift */; };
		4B38C74E1DE54CE400FB2722 /* FoaasProtocols.swift in Sources */ = {isa = PBXBuildFile; fileRef = 4B38C74D1DE54CE400FB2722 /* FoaasProtocols.swift */; };
/* End PBXBuildFile section */

/* Begin PBXFileReference section */
		4B38C7321DE54BCB00FB2722 /* BYT.app */ = {isa = PBXFileReference; explicitFileType = wrapper.application; includeInIndex = 0; path = BYT.app; sourceTree = BUILT_PRODUCTS_DIR; };
		4B38C7351DE54BCB00FB2722 /* AppDelegate.swift */ = {isa = PBXFileReference; lastKnownFileType = sourcecode.swift; path = AppDelegate.swift; sourceTree = "<group>"; };
		4B38C7371DE54BCB00FB2722 /* ViewController.swift */ = {isa = PBXFileReference; lastKnownFileType = sourcecode.swift; path = ViewController.swift; sourceTree = "<group>"; };
		4B38C73A1DE54BCB00FB2722 /* Base */ = {isa = PBXFileReference; lastKnownFileType = file.storyboard; name = Base; path = Base.lproj/Main.storyboard; sourceTree = "<group>"; };
		4B38C73C1DE54BCB00FB2722 /* Assets.xcassets */ = {isa = PBXFileReference; lastKnownFileType = folder.assetcatalog; path = Assets.xcassets; sourceTree = "<group>"; };
		4B38C73F1DE54BCB00FB2722 /* Base */ = {isa = PBXFileReference; lastKnownFileType = file.storyboard; name = Base; path = Base.lproj/LaunchScreen.storyboard; sourceTree = "<group>"; };
		4B38C7411DE54BCB00FB2722 /* Info.plist */ = {isa = PBXFileReference; lastKnownFileType = text.plist.xml; path = Info.plist; sourceTree = "<group>"; };
		4B38C7471DE54C5900FB2722 /* Foaas.swift */ = {isa = PBXFileReference; fileEncoding = 4; lastKnownFileType = sourcecode.swift; name = Foaas.swift; path = Models/Foaas.swift; sourceTree = "<group>"; };
		4B38C7491DE54C6F00FB2722 /* FoaasOperation.swift */ = {isa = PBXFileReference; fileEncoding = 4; lastKnownFileType = sourcecode.swift; name = FoaasOperation.swift; path = Models/FoaasOperation.swift; sourceTree = "<group>"; };
		4B38C74B1DE54C7F00FB2722 /* FoaasField.swift */ = {isa = PBXFileReference; fileEncoding = 4; lastKnownFileType = sourcecode.swift; name = FoaasField.swift; path = Models/FoaasField.swift; sourceTree = "<group>"; };
		4B38C74D1DE54CE400FB2722 /* FoaasProtocols.swift */ = {isa = PBXFileReference; fileEncoding = 4; lastKnownFileType = sourcecode.swift; name = FoaasProtocols.swift; path = Protocols/FoaasProtocols.swift; sourceTree = "<group>"; };
/* End PBXFileReference section */

/* Begin PBXFrameworksBuildPhase section */
		4B38C72F1DE54BCB00FB2722 /* Frameworks */ = {
			isa = PBXFrameworksBuildPhase;
			buildActionMask = 2147483647;
			files = (
			);
			runOnlyForDeploymentPostprocessing = 0;
		};
/* End PBXFrameworksBuildPhase section */

/* Begin PBXGroup section */
		4B38C7291DE54BCA00FB2722 = {
			isa = PBXGroup;
			children = (
				4B38C7341DE54BCB00FB2722 /* BYT */,
				4B38C7331DE54BCB00FB2722 /* Products */,
			);
			sourceTree = "<group>";
		};
		4B38C7331DE54BCB00FB2722 /* Products */ = {
			isa = PBXGroup;
			children = (
				4B38C7321DE54BCB00FB2722 /* BYT.app */,
			);
			name = Products;
			sourceTree = "<group>";
		};
		4B38C7341DE54BCB00FB2722 /* BYT */ = {
			isa = PBXGroup;
			children = (
				4B38C7351DE54BCB00FB2722 /* AppDelegate.swift */,
				4B38C7371DE54BCB00FB2722 /* ViewController.swift */,
				4B38C74F1DE5571700FB2722 /* Models */,
				4B38C74D1DE54CE400FB2722 /* FoaasProtocols.swift */,
				4B38C7391DE54BCB00FB2722 /* Main.storyboard */,
				4B38C73C1DE54BCB00FB2722 /* Assets.xcassets */,
				4B38C73E1DE54BCB00FB2722 /* LaunchScreen.storyboard */,
				4B38C7411DE54BCB00FB2722 /* Info.plist */,
			);
			path = BYT;
			sourceTree = "<group>";
		};
		4B38C74F1DE5571700FB2722 /* Models */ = {
			isa = PBXGroup;
			children = (
				4B38C7471DE54C5900FB2722 /* Foaas.swift */,
				4B38C7491DE54C6F00FB2722 /* FoaasOperation.swift */,
				4B38C74B1DE54C7F00FB2722 /* FoaasField.swift */,
			);
			name = Models;
			sourceTree = "<group>";
		};
/* End PBXGroup section */

/* Begin PBXNativeTarget section */
		4B38C7311DE54BCB00FB2722 /* BYT */ = {
			isa = PBXNativeTarget;
			buildConfigurationList = 4B38C7441DE54BCB00FB2722 /* Build configuration list for PBXNativeTarget "BYT" */;
			buildPhases = (
				4B38C72E1DE54BCB00FB2722 /* Sources */,
				4B38C72F1DE54BCB00FB2722 /* Frameworks */,
				4B38C7301DE54BCB00FB2722 /* Resources */,
			);
			buildRules = (
			);
			dependencies = (
			);
			name = BYT;
			productName = BYT;
			productReference = 4B38C7321DE54BCB00FB2722 /* BYT.app */;
			productType = "com.apple.product-type.application";
		};
/* End PBXNativeTarget section */

/* Begin PBXProject section */
		4B38C72A1DE54BCA00FB2722 /* Project object */ = {
			isa = PBXProject;
			attributes = {
				LastSwiftUpdateCheck = 0800;
				LastUpgradeCheck = 0800;
				ORGANIZATIONNAME = Sabrina;
				TargetAttributes = {
					4B38C7311DE54BCB00FB2722 = {
						CreatedOnToolsVersion = 8.0;
						ProvisioningStyle = Automatic;
					};
				};
			};
			buildConfigurationList = 4B38C72D1DE54BCA00FB2722 /* Build configuration list for PBXProject "BYT" */;
			compatibilityVersion = "Xcode 3.2";
			developmentRegion = English;
			hasScannedForEncodings = 0;
			knownRegions = (
				en,
				Base,
			);
			mainGroup = 4B38C7291DE54BCA00FB2722;
			productRefGroup = 4B38C7331DE54BCB00FB2722 /* Products */;
			projectDirPath = "";
			projectRoot = "";
			targets = (
				4B38C7311DE54BCB00FB2722 /* BYT */,
			);
		};
/* End PBXProject section */

/* Begin PBXResourcesBuildPhase section */
		4B38C7301DE54BCB00FB2722 /* Resources */ = {
			isa = PBXResourcesBuildPhase;
			buildActionMask = 2147483647;
			files = (
				4B38C7401DE54BCB00FB2722 /* LaunchScreen.storyboard in Resources */,
				4B38C73D1DE54BCB00FB2722 /* Assets.xcassets in Resources */,
				4B38C73B1DE54BCB00FB2722 /* Main.storyboard in Resources */,
			);
			runOnlyForDeploymentPostprocessing = 0;
		};
/* End PBXResourcesBuildPhase section */

/* Begin PBXSourcesBuildPhase section */
		4B38C72E1DE54BCB00FB2722 /* Sources */ = {
			isa = PBXSourcesBuildPhase;
			buildActionMask = 2147483647;
			files = (
				4B38C74E1DE54CE400FB2722 /* FoaasProtocols.swift in Sources */,
				4B38C7381DE54BCB00FB2722 /* ViewController.swift in Sources */,
				4B38C74C1DE54C7F00FB2722 /* FoaasField.swift in Sources */,
				4B38C7361DE54BCB00FB2722 /* AppDelegate.swift in Sources */,
				4B38C74A1DE54C6F00FB2722 /* FoaasOperation.swift in Sources */,
				4B38C7481DE54C5900FB2722 /* Foaas.swift in Sources */,
			);
			runOnlyForDeploymentPostprocessing = 0;
		};
/* End PBXSourcesBuildPhase section */

/* Begin PBXVariantGroup section */
		4B38C7391DE54BCB00FB2722 /* Main.storyboard */ = {
			isa = PBXVariantGroup;
			children = (
				4B38C73A1DE54BCB00FB2722 /* Base */,
			);
			name = Main.storyboard;
			sourceTree = "<group>";
		};
		4B38C73E1DE54BCB00FB2722 /* LaunchScreen.storyboard */ = {
			isa = PBXVariantGroup;
			children = (
				4B38C73F1DE54BCB00FB2722 /* Base */,
			);
			name = LaunchScreen.storyboard;
			sourceTree = "<group>";
		};
/* End PBXVariantGroup section */

/* Begin XCBuildConfiguration section */
		4B38C7421DE54BCB00FB2722 /* Debug */ = {
			isa = XCBuildConfiguration;
			buildSettings = {
				ALWAYS_SEARCH_USER_PATHS = NO;
				CLANG_ANALYZER_NONNULL = YES;
				CLANG_CXX_LANGUAGE_STANDARD = "gnu++0x";
				CLANG_CXX_LIBRARY = "libc++";
				CLANG_ENABLE_MODULES = YES;
				CLANG_ENABLE_OBJC_ARC = YES;
				CLANG_WARN_BOOL_CONVERSION = YES;
				CLANG_WARN_CONSTANT_CONVERSION = YES;
				CLANG_WARN_DIRECT_OBJC_ISA_USAGE = YES_ERROR;
				CLANG_WARN_DOCUMENTATION_COMMENTS = YES;
				CLANG_WARN_EMPTY_BODY = YES;
				CLANG_WARN_ENUM_CONVERSION = YES;
				CLANG_WARN_INFINITE_RECURSION = YES;
				CLANG_WARN_INT_CONVERSION = YES;
				CLANG_WARN_OBJC_ROOT_CLASS = YES_ERROR;
				CLANG_WARN_SUSPICIOUS_MOVES = YES;
				CLANG_WARN_UNREACHABLE_CODE = YES;
				CLANG_WARN__DUPLICATE_METHOD_MATCH = YES;
				"CODE_SIGN_IDENTITY[sdk=iphoneos*]" = "iPhone Developer";
				COPY_PHASE_STRIP = NO;
				DEBUG_INFORMATION_FORMAT = dwarf;
				ENABLE_STRICT_OBJC_MSGSEND = YES;
				ENABLE_TESTABILITY = YES;
				GCC_C_LANGUAGE_STANDARD = gnu99;
				GCC_DYNAMIC_NO_PIC = NO;
				GCC_NO_COMMON_BLOCKS = YES;
				GCC_OPTIMIZATION_LEVEL = 0;
				GCC_PREPROCESSOR_DEFINITIONS = (
					"DEBUG=1",
					"$(inherited)",
				);
				GCC_WARN_64_TO_32_BIT_CONVERSION = YES;
				GCC_WARN_ABOUT_RETURN_TYPE = YES_ERROR;
				GCC_WARN_UNDECLARED_SELECTOR = YES;
				GCC_WARN_UNINITIALIZED_AUTOS = YES_AGGRESSIVE;
				GCC_WARN_UNUSED_FUNCTION = YES;
				GCC_WARN_UNUSED_VARIABLE = YES;
				IPHONEOS_DEPLOYMENT_TARGET = 10.0;
				MTL_ENABLE_DEBUG_INFO = YES;
				ONLY_ACTIVE_ARCH = YES;
				SDKROOT = iphoneos;
				SWIFT_ACTIVE_COMPILATION_CONDITIONS = DEBUG;
				SWIFT_OPTIMIZATION_LEVEL = "-Onone";
				TARGETED_DEVICE_FAMILY = "1,2";
			};
			name = Debug;
		};
		4B38C7431DE54BCB00FB2722 /* Release */ = {
			isa = XCBuildConfiguration;
			buildSettings = {
				ALWAYS_SEARCH_USER_PATHS = NO;
				CLANG_ANALYZER_NONNULL = YES;
				CLANG_CXX_LANGUAGE_STANDARD = "gnu++0x";
				CLANG_CXX_LIBRARY = "libc++";
				CLANG_ENABLE_MODULES = YES;
				CLANG_ENABLE_OBJC_ARC = YES;
				CLANG_WARN_BOOL_CONVERSION = YES;
				CLANG_WARN_CONSTANT_CONVERSION = YES;
				CLANG_WARN_DIRECT_OBJC_ISA_USAGE = YES_ERROR;
				CLANG_WARN_DOCUMENTATION_COMMENTS = YES;
				CLANG_WARN_EMPTY_BODY = YES;
				CLANG_WARN_ENUM_CONVERSION = YES;
				CLANG_WARN_INFINITE_RECURSION = YES;
				CLANG_WARN_INT_CONVERSION = YES;
				CLANG_WARN_OBJC_ROOT_CLASS = YES_ERROR;
				CLANG_WARN_SUSPICIOUS_MOVES = YES;
				CLANG_WARN_UNREACHABLE_CODE = YES;
				CLANG_WARN__DUPLICATE_METHOD_MATCH = YES;
				"CODE_SIGN_IDENTITY[sdk=iphoneos*]" = "iPhone Developer";
				COPY_PHASE_STRIP = NO;
				DEBUG_INFORMATION_FORMAT = "dwarf-with-dsym";
				ENABLE_NS_ASSERTIONS = NO;
				ENABLE_STRICT_OBJC_MSGSEND = YES;
				GCC_C_LANGUAGE_STANDARD = gnu99;
				GCC_NO_COMMON_BLOCKS = YES;
				GCC_WARN_64_TO_32_BIT_CONVERSION = YES;
				GCC_WARN_ABOUT_RETURN_TYPE = YES_ERROR;
				GCC_WARN_UNDECLARED_SELECTOR = YES;
				GCC_WARN_UNINITIALIZED_AUTOS = YES_AGGRESSIVE;
				GCC_WARN_UNUSED_FUNCTION = YES;
				GCC_WARN_UNUSED_VARIABLE = YES;
				IPHONEOS_DEPLOYMENT_TARGET = 10.0;
				MTL_ENABLE_DEBUG_INFO = NO;
				SDKROOT = iphoneos;
				SWIFT_OPTIMIZATION_LEVEL = "-Owholemodule";
				TARGETED_DEVICE_FAMILY = "1,2";
				VALIDATE_PRODUCT = YES;
			};
			name = Release;
		};
		4B38C7451DE54BCB00FB2722 /* Debug */ = {
			isa = XCBuildConfiguration;
			buildSettings = {
				ASSETCATALOG_COMPILER_APPICON_NAME = AppIcon;
				INFOPLIST_FILE = BYT/Info.plist;
				LD_RUNPATH_SEARCH_PATHS = "$(inherited) @executable_path/Frameworks";
				PRODUCT_BUNDLE_IDENTIFIER = C4Q.BYT;
				PRODUCT_NAME = "$(TARGET_NAME)";
				SWIFT_VERSION = 3.0;
			};
			name = Debug;
		};
		4B38C7461DE54BCB00FB2722 /* Release */ = {
			isa = XCBuildConfiguration;
			buildSettings = {
				ASSETCATALOG_COMPILER_APPICON_NAME = AppIcon;
				INFOPLIST_FILE = BYT/Info.plist;
				LD_RUNPATH_SEARCH_PATHS = "$(inherited) @executable_path/Frameworks";
				PRODUCT_BUNDLE_IDENTIFIER = C4Q.BYT;
				PRODUCT_NAME = "$(TARGET_NAME)";
				SWIFT_VERSION = 3.0;
			};
			name = Release;
		};
/* End XCBuildConfiguration section */

/* Begin XCConfigurationList section */
		4B38C72D1DE54BCA00FB2722 /* Build configuration list for PBXProject "BYT" */ = {
			isa = XCConfigurationList;
			buildConfigurations = (
				4B38C7421DE54BCB00FB2722 /* Debug */,
				4B38C7431DE54BCB00FB2722 /* Release */,
			);
			defaultConfigurationIsVisible = 0;
			defaultConfigurationName = Release;
		};
		4B38C7441DE54BCB00FB2722 /* Build configuration list for PBXNativeTarget "BYT" */ = {
			isa = XCConfigurationList;
			buildConfigurations = (
				4B38C7451DE54BCB00FB2722 /* Debug */,
				4B38C7461DE54BCB00FB2722 /* Release */,
			);
			defaultConfigurationIsVisible = 0;
		};
/* End XCConfigurationList section */
	};
	rootObject = 4B38C72A1DE54BCA00FB2722 /* Project object */;
}
